// !$*UTF8*$!
{
	archiveVersion = 1;
	classes = {
	};
	objectVersion = 51;
	objects = {

/* Begin PBXBuildFile section */
		300E352624188C9200358432 /* CommentModel.m in Sources */ = {isa = PBXBuildFile; fileRef = 300E352524188C9200358432 /* CommentModel.m */; };
		300E352C2418BA7A00358432 /* DetailModeTowViewController.m in Sources */ = {isa = PBXBuildFile; fileRef = 300E352A2418BA7A00358432 /* DetailModeTowViewController.m */; };
		300E352D2418BA7A00358432 /* DetailModeTowViewController.xib in Resources */ = {isa = PBXBuildFile; fileRef = 300E352B2418BA7A00358432 /* DetailModeTowViewController.xib */; };
		300E35312418CB9200358432 /* PriceModel.m in Sources */ = {isa = PBXBuildFile; fileRef = 300E35302418CB9200358432 /* PriceModel.m */; };
		30E649102417288900AF5338 /* UIColor+Hex.m in Sources */ = {isa = PBXBuildFile; fileRef = 30E6490E2417288900AF5338 /* UIColor+Hex.m */; };
		30E649132417332300AF5338 /* tempimage.png in Resources */ = {isa = PBXBuildFile; fileRef = 30E649122417332300AF5338 /* tempimage.png */; };
		30E64919241763C300AF5338 /* DetailOneViewController.m in Sources */ = {isa = PBXBuildFile; fileRef = 30E64917241763C300AF5338 /* DetailOneViewController.m */; };
		30E6491A241763C300AF5338 /* DetailOneViewController.xib in Resources */ = {isa = PBXBuildFile; fileRef = 30E64918241763C300AF5338 /* DetailOneViewController.xib */; };
		30E6491F2417654E00AF5338 /* ScreenView.m in Sources */ = {isa = PBXBuildFile; fileRef = 30E6491E2417654E00AF5338 /* ScreenView.m */; };
		30E9A4D52416235600A8B6CE /* AppDelegate.m in Sources */ = {isa = PBXBuildFile; fileRef = 30E9A4D42416235600A8B6CE /* AppDelegate.m */; };
		30E9A4DB2416235600A8B6CE /* ViewController.m in Sources */ = {isa = PBXBuildFile; fileRef = 30E9A4DA2416235600A8B6CE /* ViewController.m */; };
		30E9A4DE2416235600A8B6CE /* Main.storyboard in Resources */ = {isa = PBXBuildFile; fileRef = 30E9A4DC2416235600A8B6CE /* Main.storyboard */; };
		30E9A4E12416235600A8B6CE /* DataRecovery.xcdatamodeld in Sources */ = {isa = PBXBuildFile; fileRef = 30E9A4DF2416235600A8B6CE /* DataRecovery.xcdatamodeld */; };
		30E9A4E32416236800A8B6CE /* Assets.xcassets in Resources */ = {isa = PBXBuildFile; fileRef = 30E9A4E22416236800A8B6CE /* Assets.xcassets */; };
		30E9A4E62416236800A8B6CE /* LaunchScreen.storyboard in Resources */ = {isa = PBXBuildFile; fileRef = 30E9A4E42416236800A8B6CE /* LaunchScreen.storyboard */; };
		30E9A4E92416236800A8B6CE /* main.m in Sources */ = {isa = PBXBuildFile; fileRef = 30E9A4E82416236800A8B6CE /* main.m */; };
		30E9A4F32416236900A8B6CE /* DataRecoveryTests.m in Sources */ = {isa = PBXBuildFile; fileRef = 30E9A4F22416236900A8B6CE /* DataRecoveryTests.m */; };
		30E9A509241626A800A8B6CE /* BaseTabBarController.m in Sources */ = {isa = PBXBuildFile; fileRef = 30E9A507241626A800A8B6CE /* BaseTabBarController.m */; };
		30E9A50A241626A800A8B6CE /* BaseTabBarController.xib in Resources */ = {isa = PBXBuildFile; fileRef = 30E9A508241626A800A8B6CE /* BaseTabBarController.xib */; };
		30E9A5102416288F00A8B6CE /* BaseNavigationController.m in Sources */ = {isa = PBXBuildFile; fileRef = 30E9A50E2416288F00A8B6CE /* BaseNavigationController.m */; };
		30E9A5112416288F00A8B6CE /* BaseNavigationController.xib in Resources */ = {isa = PBXBuildFile; fileRef = 30E9A50F2416288F00A8B6CE /* BaseNavigationController.xib */; };
		30E9A515241628B700A8B6CE /* BaseViewController.m in Sources */ = {isa = PBXBuildFile; fileRef = 30E9A513241628B700A8B6CE /* BaseViewController.m */; };
		30E9A516241628B700A8B6CE /* BaseViewController.xib in Resources */ = {isa = PBXBuildFile; fileRef = 30E9A514241628B700A8B6CE /* BaseViewController.xib */; };
		30E9A5202416297900A8B6CE /* MainViewController.m in Sources */ = {isa = PBXBuildFile; fileRef = 30E9A51E2416297900A8B6CE /* MainViewController.m */; };
		30E9A5212416297900A8B6CE /* MainViewController.xib in Resources */ = {isa = PBXBuildFile; fileRef = 30E9A51F2416297900A8B6CE /* MainViewController.xib */; };
		30E9A52324162AA400A8B6CE /* Podfile in Resources */ = {isa = PBXBuildFile; fileRef = 30E9A52224162AA300A8B6CE /* Podfile */; };
		30E9A53E2416313700A8B6CE /* GroupViewController.m in Sources */ = {isa = PBXBuildFile; fileRef = 30E9A53B2416313700A8B6CE /* GroupViewController.m */; };
		30E9A53F2416313700A8B6CE /* GroupViewController.xib in Resources */ = {isa = PBXBuildFile; fileRef = 30E9A53C2416313700A8B6CE /* GroupViewController.xib */; };
		30E9A5432416317400A8B6CE /* NewsViewController.xib in Resources */ = {isa = PBXBuildFile; fileRef = 30E9A5402416317400A8B6CE /* NewsViewController.xib */; };
		30E9A5442416317400A8B6CE /* NewsViewController.m in Sources */ = {isa = PBXBuildFile; fileRef = 30E9A5422416317400A8B6CE /* NewsViewController.m */; };
		30E9A5482416317F00A8B6CE /* OrderViewController.m in Sources */ = {isa = PBXBuildFile; fileRef = 30E9A5462416317F00A8B6CE /* OrderViewController.m */; };
		30E9A5492416317F00A8B6CE /* OrderViewController.xib in Resources */ = {isa = PBXBuildFile; fileRef = 30E9A5472416317F00A8B6CE /* OrderViewController.xib */; };
		30E9A54F241632AB00A8B6CE /* UIView+JM.m in Sources */ = {isa = PBXBuildFile; fileRef = 30E9A54B241632AB00A8B6CE /* UIView+JM.m */; };
		30E9A550241632AB00A8B6CE /* UIColor+JM.m in Sources */ = {isa = PBXBuildFile; fileRef = 30E9A54C241632AB00A8B6CE /* UIColor+JM.m */; };
		33EF5C8C31C0A75EFC0EED5D /* libPods-DataRecovery.a in Frameworks */ = {isa = PBXBuildFile; fileRef = 707E6E81CDD0639733E085BB /* libPods-DataRecovery.a */; };
/* End PBXBuildFile section */

/* Begin PBXContainerItemProxy section */
		30E9A4EF2416236900A8B6CE /* PBXContainerItemProxy */ = {
			isa = PBXContainerItemProxy;
			containerPortal = 30E9A4C82416235600A8B6CE /* Project object */;
			proxyType = 1;
			remoteGlobalIDString = 30E9A4CF2416235600A8B6CE;
			remoteInfo = DataRecovery;
		};
/* End PBXContainerItemProxy section */

/* Begin PBXFileReference section */
		25318AD47FB92C06BA4AEE52 /* Pods-DataRecovery.debug.xcconfig */ = {isa = PBXFileReference; includeInIndex = 1; lastKnownFileType = text.xcconfig; name = "Pods-DataRecovery.debug.xcconfig"; path = "Target Support Files/Pods-DataRecovery/Pods-DataRecovery.debug.xcconfig"; sourceTree = "<group>"; };
		300E352424188C9200358432 /* CommentModel.h */ = {isa = PBXFileReference; lastKnownFileType = sourcecode.c.h; path = CommentModel.h; sourceTree = "<group>"; };
		300E352524188C9200358432 /* CommentModel.m */ = {isa = PBXFileReference; lastKnownFileType = sourcecode.c.objc; path = CommentModel.m; sourceTree = "<group>"; };
		300E35292418BA7A00358432 /* DetailModeTowViewController.h */ = {isa = PBXFileReference; lastKnownFileType = sourcecode.c.h; path = DetailModeTowViewController.h; sourceTree = "<group>"; };
		300E352A2418BA7A00358432 /* DetailModeTowViewController.m */ = {isa = PBXFileReference; lastKnownFileType = sourcecode.c.objc; path = DetailModeTowViewController.m; sourceTree = "<group>"; };
		300E352B2418BA7A00358432 /* DetailModeTowViewController.xib */ = {isa = PBXFileReference; lastKnownFileType = file.xib; path = DetailModeTowViewController.xib; sourceTree = "<group>"; };
		300E352F2418CB9200358432 /* PriceModel.h */ = {isa = PBXFileReference; lastKnownFileType = sourcecode.c.h; path = PriceModel.h; sourceTree = "<group>"; };
		300E35302418CB9200358432 /* PriceModel.m */ = {isa = PBXFileReference; lastKnownFileType = sourcecode.c.objc; path = PriceModel.m; sourceTree = "<group>"; };
		30E6490E2417288900AF5338 /* UIColor+Hex.m */ = {isa = PBXFileReference; fileEncoding = 4; lastKnownFileType = sourcecode.c.objc; path = "UIColor+Hex.m"; sourceTree = "<group>"; };
		30E6490F2417288900AF5338 /* UIColor+Hex.h */ = {isa = PBXFileReference; fileEncoding = 4; lastKnownFileType = sourcecode.c.h; path = "UIColor+Hex.h"; sourceTree = "<group>"; };
		30E649122417332300AF5338 /* tempimage.png */ = {isa = PBXFileReference; lastKnownFileType = image.png; path = tempimage.png; sourceTree = "<group>"; };
		30E64916241763C300AF5338 /* DetailOneViewController.h */ = {isa = PBXFileReference; lastKnownFileType = sourcecode.c.h; path = DetailOneViewController.h; sourceTree = "<group>"; };
		30E64917241763C300AF5338 /* DetailOneViewController.m */ = {isa = PBXFileReference; lastKnownFileType = sourcecode.c.objc; path = DetailOneViewController.m; sourceTree = "<group>"; };
		30E64918241763C300AF5338 /* DetailOneViewController.xib */ = {isa = PBXFileReference; lastKnownFileType = file.xib; path = DetailOneViewController.xib; sourceTree = "<group>"; };
		30E6491D2417654E00AF5338 /* ScreenView.h */ = {isa = PBXFileReference; lastKnownFileType = sourcecode.c.h; path = ScreenView.h; sourceTree = "<group>"; };
		30E6491E2417654E00AF5338 /* ScreenView.m */ = {isa = PBXFileReference; lastKnownFileType = sourcecode.c.objc; path = ScreenView.m; sourceTree = "<group>"; };
		30E9A4D02416235600A8B6CE /* DataRecovery.app */ = {isa = PBXFileReference; explicitFileType = wrapper.application; includeInIndex = 0; path = DataRecovery.app; sourceTree = BUILT_PRODUCTS_DIR; };
		30E9A4D32416235600A8B6CE /* AppDelegate.h */ = {isa = PBXFileReference; lastKnownFileType = sourcecode.c.h; path = AppDelegate.h; sourceTree = "<group>"; };
		30E9A4D42416235600A8B6CE /* AppDelegate.m */ = {isa = PBXFileReference; lastKnownFileType = sourcecode.c.objc; path = AppDelegate.m; sourceTree = "<group>"; };
		30E9A4D92416235600A8B6CE /* ViewController.h */ = {isa = PBXFileReference; lastKnownFileType = sourcecode.c.h; path = ViewController.h; sourceTree = "<group>"; };
		30E9A4DA2416235600A8B6CE /* ViewController.m */ = {isa = PBXFileReference; lastKnownFileType = sourcecode.c.objc; path = ViewController.m; sourceTree = "<group>"; };
		30E9A4DD2416235600A8B6CE /* Base */ = {isa = PBXFileReference; lastKnownFileType = file.storyboard; name = Base; path = Base.lproj/Main.storyboard; sourceTree = "<group>"; };
		30E9A4E02416235600A8B6CE /* DataRecovery.xcdatamodel */ = {isa = PBXFileReference; lastKnownFileType = wrapper.xcdatamodel; path = DataRecovery.xcdatamodel; sourceTree = "<group>"; };
		30E9A4E22416236800A8B6CE /* Assets.xcassets */ = {isa = PBXFileReference; lastKnownFileType = folder.assetcatalog; path = Assets.xcassets; sourceTree = "<group>"; };
		30E9A4E52416236800A8B6CE /* Base */ = {isa = PBXFileReference; lastKnownFileType = file.storyboard; name = Base; path = Base.lproj/LaunchScreen.storyboard; sourceTree = "<group>"; };
		30E9A4E72416236800A8B6CE /* Info.plist */ = {isa = PBXFileReference; lastKnownFileType = text.plist.xml; path = Info.plist; sourceTree = "<group>"; };
		30E9A4E82416236800A8B6CE /* main.m */ = {isa = PBXFileReference; lastKnownFileType = sourcecode.c.objc; path = main.m; sourceTree = "<group>"; };
		30E9A4EE2416236900A8B6CE /* DataRecoveryTests.xctest */ = {isa = PBXFileReference; explicitFileType = wrapper.cfbundle; includeInIndex = 0; path = DataRecoveryTests.xctest; sourceTree = BUILT_PRODUCTS_DIR; };
		30E9A4F22416236900A8B6CE /* DataRecoveryTests.m */ = {isa = PBXFileReference; lastKnownFileType = sourcecode.c.objc; path = DataRecoveryTests.m; sourceTree = "<group>"; };
		30E9A4F42416236900A8B6CE /* Info.plist */ = {isa = PBXFileReference; lastKnownFileType = text.plist.xml; path = Info.plist; sourceTree = "<group>"; };
		30E9A506241626A800A8B6CE /* BaseTabBarController.h */ = {isa = PBXFileReference; lastKnownFileType = sourcecode.c.h; path = BaseTabBarController.h; sourceTree = "<group>"; };
		30E9A507241626A800A8B6CE /* BaseTabBarController.m */ = {isa = PBXFileReference; lastKnownFileType = sourcecode.c.objc; path = BaseTabBarController.m; sourceTree = "<group>"; };
		30E9A508241626A800A8B6CE /* BaseTabBarController.xib */ = {isa = PBXFileReference; lastKnownFileType = file.xib; path = BaseTabBarController.xib; sourceTree = "<group>"; };
		30E9A50C2416271400A8B6CE /* BMUtilMacro.h */ = {isa = PBXFileReference; fileEncoding = 4; lastKnownFileType = sourcecode.c.h; path = BMUtilMacro.h; sourceTree = "<group>"; };
		30E9A50D2416288F00A8B6CE /* BaseNavigationController.h */ = {isa = PBXFileReference; lastKnownFileType = sourcecode.c.h; path = BaseNavigationController.h; sourceTree = "<group>"; };
		30E9A50E2416288F00A8B6CE /* BaseNavigationController.m */ = {isa = PBXFileReference; lastKnownFileType = sourcecode.c.objc; path = BaseNavigationController.m; sourceTree = "<group>"; };
		30E9A50F2416288F00A8B6CE /* BaseNavigationController.xib */ = {isa = PBXFileReference; lastKnownFileType = file.xib; path = BaseNavigationController.xib; sourceTree = "<group>"; };
		30E9A512241628B700A8B6CE /* BaseViewController.h */ = {isa = PBXFileReference; lastKnownFileType = sourcecode.c.h; path = BaseViewController.h; sourceTree = "<group>"; };
		30E9A513241628B700A8B6CE /* BaseViewController.m */ = {isa = PBXFileReference; lastKnownFileType = sourcecode.c.objc; path = BaseViewController.m; sourceTree = "<group>"; };
		30E9A514241628B700A8B6CE /* BaseViewController.xib */ = {isa = PBXFileReference; lastKnownFileType = file.xib; path = BaseViewController.xib; sourceTree = "<group>"; };
		30E9A51D2416297900A8B6CE /* MainViewController.h */ = {isa = PBXFileReference; lastKnownFileType = sourcecode.c.h; path = MainViewController.h; sourceTree = "<group>"; };
		30E9A51E2416297900A8B6CE /* MainViewController.m */ = {isa = PBXFileReference; lastKnownFileType = sourcecode.c.objc; path = MainViewController.m; sourceTree = "<group>"; };
		30E9A51F2416297900A8B6CE /* MainViewController.xib */ = {isa = PBXFileReference; lastKnownFileType = file.xib; path = MainViewController.xib; sourceTree = "<group>"; };
		30E9A52224162AA300A8B6CE /* Podfile */ = {isa = PBXFileReference; fileEncoding = 4; lastKnownFileType = text; path = Podfile; sourceTree = "<group>"; xcLanguageSpecificationIdentifier = xcode.lang.ruby; };
		30E9A53B2416313700A8B6CE /* GroupViewController.m */ = {isa = PBXFileReference; fileEncoding = 4; lastKnownFileType = sourcecode.c.objc; path = GroupViewController.m; sourceTree = "<group>"; };
		30E9A53C2416313700A8B6CE /* GroupViewController.xib */ = {isa = PBXFileReference; fileEncoding = 4; lastKnownFileType = file.xib; path = GroupViewController.xib; sourceTree = "<group>"; };
		30E9A53D2416313700A8B6CE /* GroupViewController.h */ = {isa = PBXFileReference; fileEncoding = 4; lastKnownFileType = sourcecode.c.h; path = GroupViewController.h; sourceTree = "<group>"; };
		30E9A5402416317400A8B6CE /* NewsViewController.xib */ = {isa = PBXFileReference; fileEncoding = 4; lastKnownFileType = file.xib; path = NewsViewController.xib; sourceTree = "<group>"; };
		30E9A5412416317400A8B6CE /* NewsViewController.h */ = {isa = PBXFileReference; fileEncoding = 4; lastKnownFileType = sourcecode.c.h; path = NewsViewController.h; sourceTree = "<group>"; };
		30E9A5422416317400A8B6CE /* NewsViewController.m */ = {isa = PBXFileReference; fileEncoding = 4; lastKnownFileType = sourcecode.c.objc; path = NewsViewController.m; sourceTree = "<group>"; };
		30E9A5452416317F00A8B6CE /* OrderViewController.h */ = {isa = PBXFileReference; fileEncoding = 4; lastKnownFileType = sourcecode.c.h; path = OrderViewController.h; sourceTree = "<group>"; };
		30E9A5462416317F00A8B6CE /* OrderViewController.m */ = {isa = PBXFileReference; fileEncoding = 4; lastKnownFileType = sourcecode.c.objc; path = OrderViewController.m; sourceTree = "<group>"; };
		30E9A5472416317F00A8B6CE /* OrderViewController.xib */ = {isa = PBXFileReference; fileEncoding = 4; lastKnownFileType = file.xib; path = OrderViewController.xib; sourceTree = "<group>"; };
		30E9A54B241632AB00A8B6CE /* UIView+JM.m */ = {isa = PBXFileReference; fileEncoding = 4; lastKnownFileType = sourcecode.c.objc; path = "UIView+JM.m"; sourceTree = "<group>"; };
		30E9A54C241632AB00A8B6CE /* UIColor+JM.m */ = {isa = PBXFileReference; fileEncoding = 4; lastKnownFileType = sourcecode.c.objc; path = "UIColor+JM.m"; sourceTree = "<group>"; };
		30E9A54D241632AB00A8B6CE /* UIColor+JM.h */ = {isa = PBXFileReference; fileEncoding = 4; lastKnownFileType = sourcecode.c.h; path = "UIColor+JM.h"; sourceTree = "<group>"; };
		30E9A54E241632AB00A8B6CE /* UIView+JM.h */ = {isa = PBXFileReference; fileEncoding = 4; lastKnownFileType = sourcecode.c.h; path = "UIView+JM.h"; sourceTree = "<group>"; };
		707E6E81CDD0639733E085BB /* libPods-DataRecovery.a */ = {isa = PBXFileReference; explicitFileType = archive.ar; includeInIndex = 0; path = "libPods-DataRecovery.a"; sourceTree = BUILT_PRODUCTS_DIR; };
		E546C0DD280D159268FB8A3D /* Pods-DataRecovery.release.xcconfig */ = {isa = PBXFileReference; includeInIndex = 1; lastKnownFileType = text.xcconfig; name = "Pods-DataRecovery.release.xcconfig"; path = "Target Support Files/Pods-DataRecovery/Pods-DataRecovery.release.xcconfig"; sourceTree = "<group>"; };
/* End PBXFileReference section */

/* Begin PBXFrameworksBuildPhase section */
		30E9A4CD2416235600A8B6CE /* Frameworks */ = {
			isa = PBXFrameworksBuildPhase;
			buildActionMask = 2147483647;
			files = (
				33EF5C8C31C0A75EFC0EED5D /* libPods-DataRecovery.a in Frameworks */,
			);
			runOnlyForDeploymentPostprocessing = 0;
		};
		30E9A4EB2416236900A8B6CE /* Frameworks */ = {
			isa = PBXFrameworksBuildPhase;
			buildActionMask = 2147483647;
			files = (
			);
			runOnlyForDeploymentPostprocessing = 0;
		};
/* End PBXFrameworksBuildPhase section */

/* Begin PBXGroup section */
		300E352324188C3A00358432 /* CommentModel */ = {
			isa = PBXGroup;
			children = (
				300E352424188C9200358432 /* CommentModel.h */,
				300E352524188C9200358432 /* CommentModel.m */,
			);
			path = CommentModel;
			sourceTree = "<group>";
		};
		300E352E2418CB7200358432 /* PriceModel */ = {
			isa = PBXGroup;
			children = (
				300E352F2418CB9200358432 /* PriceModel.h */,
				300E35302418CB9200358432 /* PriceModel.m */,
			);
			path = PriceModel;
			sourceTree = "<group>";
		};
		30E649112417331200AF5338 /* ImageResouce */ = {
			isa = PBXGroup;
			children = (
				30E649122417332300AF5338 /* tempimage.png */,
			);
			path = ImageResouce;
			sourceTree = "<group>";
		};
		30E649142417630000AF5338 /* DetailOneViewController */ = {
			isa = PBXGroup;
			children = (
				300E352324188C3A00358432 /* CommentModel */,
				30E64916241763C300AF5338 /* DetailOneViewController.h */,
				30E64917241763C300AF5338 /* DetailOneViewController.m */,
				30E64918241763C300AF5338 /* DetailOneViewController.xib */,
			);
			path = DetailOneViewController;
			sourceTree = "<group>";
		};
		30E649152417637600AF5338 /* DetailTowViewController */ = {
			isa = PBXGroup;
			children = (
				300E352E2418CB7200358432 /* PriceModel */,
				300E35292418BA7A00358432 /* DetailModeTowViewController.h */,
				300E352A2418BA7A00358432 /* DetailModeTowViewController.m */,
				300E352B2418BA7A00358432 /* DetailModeTowViewController.xib */,
			);
			path = DetailTowViewController;
			sourceTree = "<group>";
		};
		30E6491B2417651C00AF5338 /* CellView */ = {
			isa = PBXGroup;
			children = (
				30E6491C2417652B00AF5338 /* SceeneView */,
			);
			path = CellView;
			sourceTree = "<group>";
		};
		30E6491C2417652B00AF5338 /* SceeneView */ = {
			isa = PBXGroup;
			children = (
				30E6491D2417654E00AF5338 /* ScreenView.h */,
				30E6491E2417654E00AF5338 /* ScreenView.m */,
			);
			path = SceeneView;
			sourceTree = "<group>";
		};
		30E9A4C72416235600A8B6CE = {
			isa = PBXGroup;
			children = (
				30E9A54A2416328600A8B6CE /* SomeCategory */,
				30E9A52224162AA300A8B6CE /* Podfile */,
				30E9A517241628D600A8B6CE /* AllViewController */,
				30E9A50B2416270300A8B6CE /* Config */,
				30E9A503241625B000A8B6CE /* BaseController */,
				30E9A4D22416235600A8B6CE /* DataRecovery */,
				30E9A4F12416236900A8B6CE /* DataRecoveryTests */,
				30E9A4D12416235600A8B6CE /* Products */,
				391585364C1F6D176E9D9A29 /* Pods */,
				D2496F7FBA1FD7300DB6D465 /* Frameworks */,
			);
			sourceTree = "<group>";
		};
		30E9A4D12416235600A8B6CE /* Products */ = {
			isa = PBXGroup;
			children = (
				30E9A4D02416235600A8B6CE /* DataRecovery.app */,
				30E9A4EE2416236900A8B6CE /* DataRecoveryTests.xctest */,
			);
			name = Products;
			sourceTree = "<group>";
		};
		30E9A4D22416235600A8B6CE /* DataRecovery */ = {
			isa = PBXGroup;
			children = (
				30E649112417331200AF5338 /* ImageResouce */,
				30E9A4D32416235600A8B6CE /* AppDelegate.h */,
				30E9A4D42416235600A8B6CE /* AppDelegate.m */,
				30E9A4D92416235600A8B6CE /* ViewController.h */,
				30E9A4DA2416235600A8B6CE /* ViewController.m */,
				30E9A4DC2416235600A8B6CE /* Main.storyboard */,
				30E9A4E22416236800A8B6CE /* Assets.xcassets */,
				30E9A4E42416236800A8B6CE /* LaunchScreen.storyboard */,
				30E9A4E72416236800A8B6CE /* Info.plist */,
				30E9A4E82416236800A8B6CE /* main.m */,
				30E9A4DF2416235600A8B6CE /* DataRecovery.xcdatamodeld */,
			);
			path = DataRecovery;
			sourceTree = "<group>";
		};
		30E9A4F12416236900A8B6CE /* DataRecoveryTests */ = {
			isa = PBXGroup;
			children = (
				30E9A4F22416236900A8B6CE /* DataRecoveryTests.m */,
				30E9A4F42416236900A8B6CE /* Info.plist */,
			);
			path = DataRecoveryTests;
			sourceTree = "<group>";
		};
		30E9A5022416257B00A8B6CE /* BaseTabBarConroller */ = {
			isa = PBXGroup;
			children = (
				30E9A506241626A800A8B6CE /* BaseTabBarController.h */,
				30E9A507241626A800A8B6CE /* BaseTabBarController.m */,
				30E9A508241626A800A8B6CE /* BaseTabBarController.xib */,
			);
			path = BaseTabBarConroller;
			sourceTree = "<group>";
		};
		30E9A503241625B000A8B6CE /* BaseController */ = {
			isa = PBXGroup;
			children = (
				30E9A505241625E900A8B6CE /* BaseViewController */,
				30E9A504241625C000A8B6CE /* BaseNavigationController */,
				30E9A5022416257B00A8B6CE /* BaseTabBarConroller */,
			);
			path = BaseController;
			sourceTree = "<group>";
		};
		30E9A504241625C000A8B6CE /* BaseNavigationController */ = {
			isa = PBXGroup;
			children = (
				30E9A50D2416288F00A8B6CE /* BaseNavigationController.h */,
				30E9A50E2416288F00A8B6CE /* BaseNavigationController.m */,
				30E9A50F2416288F00A8B6CE /* BaseNavigationController.xib */,
			);
			path = BaseNavigationController;
			sourceTree = "<group>";
		};
		30E9A505241625E900A8B6CE /* BaseViewController */ = {
			isa = PBXGroup;
			children = (
				30E9A512241628B700A8B6CE /* BaseViewController.h */,
				30E9A513241628B700A8B6CE /* BaseViewController.m */,
				30E9A514241628B700A8B6CE /* BaseViewController.xib */,
			);
			path = BaseViewController;
			sourceTree = "<group>";
		};
		30E9A50B2416270300A8B6CE /* Config */ = {
			isa = PBXGroup;
			children = (
				30E9A50C2416271400A8B6CE /* BMUtilMacro.h */,
			);
			path = Config;
			sourceTree = "<group>";
		};
		30E9A517241628D600A8B6CE /* AllViewController */ = {
			isa = PBXGroup;
			children = (
				30E9A51C2416295000A8B6CE /* LoginController */,
				30E9A51B2416292400A8B6CE /* OrderController */,
				30E9A51A2416290D00A8B6CE /* NewsController */,
				30E9A5192416290200A8B6CE /* GroupController */,
				30E9A518241628F300A8B6CE /* MainController */,
			);
			path = AllViewController;
			sourceTree = "<group>";
		};
		30E9A518241628F300A8B6CE /* MainController */ = {
			isa = PBXGroup;
			children = (
				30E6491B2417651C00AF5338 /* CellView */,
				30E649152417637600AF5338 /* DetailTowViewController */,
				30E649142417630000AF5338 /* DetailOneViewController */,
				30E9A51D2416297900A8B6CE /* MainViewController.h */,
				30E9A51E2416297900A8B6CE /* MainViewController.m */,
				30E9A51F2416297900A8B6CE /* MainViewController.xib */,
			);
			path = MainController;
			sourceTree = "<group>";
		};
		30E9A5192416290200A8B6CE /* GroupController */ = {
			isa = PBXGroup;
			children = (
				30E9A53D2416313700A8B6CE /* GroupViewController.h */,
				30E9A53B2416313700A8B6CE /* GroupViewController.m */,
				30E9A53C2416313700A8B6CE /* GroupViewController.xib */,
			);
			path = GroupController;
			sourceTree = "<group>";
		};
		30E9A51A2416290D00A8B6CE /* NewsController */ = {
			isa = PBXGroup;
			children = (
				30E9A5412416317400A8B6CE /* NewsViewController.h */,
				30E9A5422416317400A8B6CE /* NewsViewController.m */,
				30E9A5402416317400A8B6CE /* NewsViewController.xib */,
			);
			path = NewsController;
			sourceTree = "<group>";
		};
		30E9A51B2416292400A8B6CE /* OrderController */ = {
			isa = PBXGroup;
			children = (
				30E9A5452416317F00A8B6CE /* OrderViewController.h */,
				30E9A5462416317F00A8B6CE /* OrderViewController.m */,
				30E9A5472416317F00A8B6CE /* OrderViewController.xib */,
			);
			path = OrderController;
			sourceTree = "<group>";
		};
		30E9A51C2416295000A8B6CE /* LoginController */ = {
			isa = PBXGroup;
			children = (
			);
			path = LoginController;
			sourceTree = "<group>";
		};
		30E9A54A2416328600A8B6CE /* SomeCategory */ = {
			isa = PBXGroup;
			children = (
				30E9A54D241632AB00A8B6CE /* UIColor+JM.h */,
				30E9A54C241632AB00A8B6CE /* UIColor+JM.m */,
				30E9A54E241632AB00A8B6CE /* UIView+JM.h */,
				30E9A54B241632AB00A8B6CE /* UIView+JM.m */,
				30E6490F2417288900AF5338 /* UIColor+Hex.h */,
				30E6490E2417288900AF5338 /* UIColor+Hex.m */,
			);
			path = SomeCategory;
			sourceTree = "<group>";
		};
		391585364C1F6D176E9D9A29 /* Pods */ = {
			isa = PBXGroup;
			children = (
				25318AD47FB92C06BA4AEE52 /* Pods-DataRecovery.debug.xcconfig */,
				E546C0DD280D159268FB8A3D /* Pods-DataRecovery.release.xcconfig */,
			);
			path = Pods;
			sourceTree = "<group>";
		};
		D2496F7FBA1FD7300DB6D465 /* Frameworks */ = {
			isa = PBXGroup;
			children = (
				707E6E81CDD0639733E085BB /* libPods-DataRecovery.a */,
			);
			name = Frameworks;
			sourceTree = "<group>";
		};
/* End PBXGroup section */

/* Begin PBXNativeTarget section */
		30E9A4CF2416235600A8B6CE /* DataRecovery */ = {
			isa = PBXNativeTarget;
			buildConfigurationList = 30E9A4F72416236900A8B6CE /* Build configuration list for PBXNativeTarget "DataRecovery" */;
			buildPhases = (
				6E74278009BF3361D2CA7D54 /* [CP] Check Pods Manifest.lock */,
				30E9A4CC2416235600A8B6CE /* Sources */,
				30E9A4CD2416235600A8B6CE /* Frameworks */,
				30E9A4CE2416235600A8B6CE /* Resources */,
				C27CE6A956A3E2AE67CEAD67 /* [CP] Copy Pods Resources */,
			);
			buildRules = (
			);
			dependencies = (
			);
			name = DataRecovery;
			productName = DataRecovery;
			productReference = 30E9A4D02416235600A8B6CE /* DataRecovery.app */;
			productType = "com.apple.product-type.application";
		};
		30E9A4ED2416236900A8B6CE /* DataRecoveryTests */ = {
			isa = PBXNativeTarget;
			buildConfigurationList = 30E9A4FA2416236900A8B6CE /* Build configuration list for PBXNativeTarget "DataRecoveryTests" */;
			buildPhases = (
				30E9A4EA2416236900A8B6CE /* Sources */,
				30E9A4EB2416236900A8B6CE /* Frameworks */,
				30E9A4EC2416236900A8B6CE /* Resources */,
			);
			buildRules = (
			);
			dependencies = (
				30E9A4F02416236900A8B6CE /* PBXTargetDependency */,
			);
			name = DataRecoveryTests;
			productName = DataRecoveryTests;
			productReference = 30E9A4EE2416236900A8B6CE /* DataRecoveryTests.xctest */;
			productType = "com.apple.product-type.bundle.unit-test";
		};
/* End PBXNativeTarget section */

/* Begin PBXProject section */
		30E9A4C82416235600A8B6CE /* Project object */ = {
			isa = PBXProject;
			attributes = {
				LastUpgradeCheck = 1140;
				ORGANIZATIONNAME = "北京西游国际旅行社";
				TargetAttributes = {
					30E9A4CF2416235600A8B6CE = {
						CreatedOnToolsVersion = 11.4;
					};
					30E9A4ED2416236900A8B6CE = {
						CreatedOnToolsVersion = 11.4;
						TestTargetID = 30E9A4CF2416235600A8B6CE;
					};
				};
			};
			buildConfigurationList = 30E9A4CB2416235600A8B6CE /* Build configuration list for PBXProject "DataRecovery" */;
			compatibilityVersion = "Xcode 9.3";
			developmentRegion = en;
			hasScannedForEncodings = 0;
			knownRegions = (
				en,
				Base,
			);
			mainGroup = 30E9A4C72416235600A8B6CE;
			productRefGroup = 30E9A4D12416235600A8B6CE /* Products */;
			projectDirPath = "";
			projectRoot = "";
			targets = (
				30E9A4CF2416235600A8B6CE /* DataRecovery */,
				30E9A4ED2416236900A8B6CE /* DataRecoveryTests */,
			);
		};
/* End PBXProject section */

/* Begin PBXResourcesBuildPhase section */
		30E9A4CE2416235600A8B6CE /* Resources */ = {
			isa = PBXResourcesBuildPhase;
			buildActionMask = 2147483647;
			files = (
				30E9A50A241626A800A8B6CE /* BaseTabBarController.xib in Resources */,
				30E9A4E62416236800A8B6CE /* LaunchScreen.storyboard in Resources */,
				30E6491A241763C300AF5338 /* DetailOneViewController.xib in Resources */,
				30E9A52324162AA400A8B6CE /* Podfile in Resources */,
				30E9A53F2416313700A8B6CE /* GroupViewController.xib in Resources */,
				30E9A5112416288F00A8B6CE /* BaseNavigationController.xib in Resources */,
				30E9A5492416317F00A8B6CE /* OrderViewController.xib in Resources */,
				300E352D2418BA7A00358432 /* DetailModeTowViewController.xib in Resources */,
				30E9A516241628B700A8B6CE /* BaseViewController.xib in Resources */,
				30E649132417332300AF5338 /* tempimage.png in Resources */,
				30E9A4E32416236800A8B6CE /* Assets.xcassets in Resources */,
				30E9A5432416317400A8B6CE /* NewsViewController.xib in Resources */,
				30E9A5212416297900A8B6CE /* MainViewController.xib in Resources */,
				30E9A4DE2416235600A8B6CE /* Main.storyboard in Resources */,
			);
			runOnlyForDeploymentPostprocessing = 0;
		};
		30E9A4EC2416236900A8B6CE /* Resources */ = {
			isa = PBXResourcesBuildPhase;
			buildActionMask = 2147483647;
			files = (
			);
			runOnlyForDeploymentPostprocessing = 0;
		};
/* End PBXResourcesBuildPhase section */

/* Begin PBXShellScriptBuildPhase section */
		6E74278009BF3361D2CA7D54 /* [CP] Check Pods Manifest.lock */ = {
			isa = PBXShellScriptBuildPhase;
			buildActionMask = 2147483647;
			files = (
			);
			inputFileListPaths = (
			);
			inputPaths = (
				"${PODS_PODFILE_DIR_PATH}/Podfile.lock",
				"${PODS_ROOT}/Manifest.lock",
			);
			name = "[CP] Check Pods Manifest.lock";
			outputFileListPaths = (
			);
			outputPaths = (
				"$(DERIVED_FILE_DIR)/Pods-DataRecovery-checkManifestLockResult.txt",
			);
			runOnlyForDeploymentPostprocessing = 0;
			shellPath = /bin/sh;
			shellScript = "diff \"${PODS_PODFILE_DIR_PATH}/Podfile.lock\" \"${PODS_ROOT}/Manifest.lock\" > /dev/null\nif [ $? != 0 ] ; then\n    # print error to STDERR\n    echo \"error: The sandbox is not in sync with the Podfile.lock. Run 'pod install' or update your CocoaPods installation.\" >&2\n    exit 1\nfi\n# This output is used by Xcode 'outputs' to avoid re-running this script phase.\necho \"SUCCESS\" > \"${SCRIPT_OUTPUT_FILE_0}\"\n";
			showEnvVarsInLog = 0;
		};
		C27CE6A956A3E2AE67CEAD67 /* [CP] Copy Pods Resources */ = {
			isa = PBXShellScriptBuildPhase;
			buildActionMask = 2147483647;
			files = (
			);
			inputFileListPaths = (
				"${PODS_ROOT}/Target Support Files/Pods-DataRecovery/Pods-DataRecovery-resources-${CONFIGURATION}-input-files.xcfilelist",
			);
			name = "[CP] Copy Pods Resources";
			outputFileListPaths = (
				"${PODS_ROOT}/Target Support Files/Pods-DataRecovery/Pods-DataRecovery-resources-${CONFIGURATION}-output-files.xcfilelist",
			);
			runOnlyForDeploymentPostprocessing = 0;
			shellPath = /bin/sh;
			shellScript = "\"${PODS_ROOT}/Target Support Files/Pods-DataRecovery/Pods-DataRecovery-resources.sh\"\n";
			showEnvVarsInLog = 0;
		};
/* End PBXShellScriptBuildPhase section */

/* Begin PBXSourcesBuildPhase section */
		30E9A4CC2416235600A8B6CE /* Sources */ = {
			isa = PBXSourcesBuildPhase;
			buildActionMask = 2147483647;
			files = (
				30E9A54F241632AB00A8B6CE /* UIView+JM.m in Sources */,
				30E9A4E92416236800A8B6CE /* main.m in Sources */,
				30E6491F2417654E00AF5338 /* ScreenView.m in Sources */,
				30E64919241763C300AF5338 /* DetailOneViewController.m in Sources */,
				30E9A515241628B700A8B6CE /* BaseViewController.m in Sources */,
				30E9A5102416288F00A8B6CE /* BaseNavigationController.m in Sources */,
				30E9A4DB2416235600A8B6CE /* ViewController.m in Sources */,
				300E352C2418BA7A00358432 /* DetailModeTowViewController.m in Sources */,
				300E352624188C9200358432 /* CommentModel.m in Sources */,
				300E35312418CB9200358432 /* PriceModel.m in Sources */,
				30E9A5202416297900A8B6CE /* MainViewController.m in Sources */,
				30E9A5442416317400A8B6CE /* NewsViewController.m in Sources */,
				30E9A4D52416235600A8B6CE /* AppDelegate.m in Sources */,
				30E9A5482416317F00A8B6CE /* OrderViewController.m in Sources */,
				30E9A4E12416235600A8B6CE /* DataRecovery.xcdatamodeld in Sources */,
				30E9A550241632AB00A8B6CE /* UIColor+JM.m in Sources */,
				30E649102417288900AF5338 /* UIColor+Hex.m in Sources */,
				30E9A509241626A800A8B6CE /* BaseTabBarController.m in Sources */,
				30E9A53E2416313700A8B6CE /* GroupViewController.m in Sources */,
			);
			runOnlyForDeploymentPostprocessing = 0;
		};
		30E9A4EA2416236900A8B6CE /* Sources */ = {
			isa = PBXSourcesBuildPhase;
			buildActionMask = 2147483647;
			files = (
				30E9A4F32416236900A8B6CE /* DataRecoveryTests.m in Sources */,
			);
			runOnlyForDeploymentPostprocessing = 0;
		};
/* End PBXSourcesBuildPhase section */

/* Begin PBXTargetDependency section */
		30E9A4F02416236900A8B6CE /* PBXTargetDependency */ = {
			isa = PBXTargetDependency;
			target = 30E9A4CF2416235600A8B6CE /* DataRecovery */;
			targetProxy = 30E9A4EF2416236900A8B6CE /* PBXContainerItemProxy */;
		};
/* End PBXTargetDependency section */

/* Begin PBXVariantGroup section */
		30E9A4DC2416235600A8B6CE /* Main.storyboard */ = {
			isa = PBXVariantGroup;
			children = (
				30E9A4DD2416235600A8B6CE /* Base */,
			);
			name = Main.storyboard;
			sourceTree = "<group>";
		};
		30E9A4E42416236800A8B6CE /* LaunchScreen.storyboard */ = {
			isa = PBXVariantGroup;
			children = (
				30E9A4E52416236800A8B6CE /* Base */,
			);
			name = LaunchScreen.storyboard;
			sourceTree = "<group>";
		};
/* End PBXVariantGroup section */

/* Begin XCBuildConfiguration section */
		30E9A4F52416236900A8B6CE /* Debug */ = {
			isa = XCBuildConfiguration;
			buildSettings = {
				ALWAYS_SEARCH_USER_PATHS = NO;
				CLANG_ANALYZER_NONNULL = YES;
				CLANG_ANALYZER_NUMBER_OBJECT_CONVERSION = YES_AGGRESSIVE;
				CLANG_CXX_LANGUAGE_STANDARD = "gnu++14";
				CLANG_CXX_LIBRARY = "libc++";
				CLANG_ENABLE_MODULES = YES;
				CLANG_ENABLE_OBJC_ARC = YES;
				CLANG_ENABLE_OBJC_WEAK = YES;
				CLANG_WARN_BLOCK_CAPTURE_AUTORELEASING = YES;
				CLANG_WARN_BOOL_CONVERSION = YES;
				CLANG_WARN_COMMA = YES;
				CLANG_WARN_CONSTANT_CONVERSION = YES;
				CLANG_WARN_DEPRECATED_OBJC_IMPLEMENTATIONS = YES;
				CLANG_WARN_DIRECT_OBJC_ISA_USAGE = YES_ERROR;
				CLANG_WARN_DOCUMENTATION_COMMENTS = YES;
				CLANG_WARN_EMPTY_BODY = YES;
				CLANG_WARN_ENUM_CONVERSION = YES;
				CLANG_WARN_INFINITE_RECURSION = YES;
				CLANG_WARN_INT_CONVERSION = YES;
				CLANG_WARN_NON_LITERAL_NULL_CONVERSION = YES;
				CLANG_WARN_OBJC_IMPLICIT_RETAIN_SELF = YES;
				CLANG_WARN_OBJC_LITERAL_CONVERSION = YES;
				CLANG_WARN_OBJC_ROOT_CLASS = YES_ERROR;
				CLANG_WARN_RANGE_LOOP_ANALYSIS = YES;
				CLANG_WARN_STRICT_PROTOTYPES = YES;
				CLANG_WARN_SUSPICIOUS_MOVE = YES;
				CLANG_WARN_UNGUARDED_AVAILABILITY = YES_AGGRESSIVE;
				CLANG_WARN_UNREACHABLE_CODE = YES;
				CLANG_WARN__DUPLICATE_METHOD_MATCH = YES;
				COPY_PHASE_STRIP = NO;
				DEBUG_INFORMATION_FORMAT = dwarf;
				ENABLE_STRICT_OBJC_MSGSEND = YES;
				ENABLE_TESTABILITY = YES;
				GCC_C_LANGUAGE_STANDARD = gnu11;
				GCC_DYNAMIC_NO_PIC = NO;
				GCC_NO_COMMON_BLOCKS = YES;
				GCC_OPTIMIZATION_LEVEL = 0;
				GCC_PREPROCESSOR_DEFINITIONS = (
					"DEBUG=1",
					"$(inherited)",
				);
				GCC_WARN_64_TO_32_BIT_CONVERSION = YES;
				GCC_WARN_ABOUT_RETURN_TYPE = YES_ERROR;
				GCC_WARN_UNDECLARED_SELECTOR = YES;
				GCC_WARN_UNINITIALIZED_AUTOS = YES_AGGRESSIVE;
				GCC_WARN_UNUSED_FUNCTION = YES;
				GCC_WARN_UNUSED_VARIABLE = YES;
				IPHONEOS_DEPLOYMENT_TARGET = 13.4;
				MTL_ENABLE_DEBUG_INFO = INCLUDE_SOURCE;
				MTL_FAST_MATH = YES;
				ONLY_ACTIVE_ARCH = YES;
				SDKROOT = iphoneos;
			};
			name = Debug;
		};
		30E9A4F62416236900A8B6CE /* Release */ = {
			isa = XCBuildConfiguration;
			buildSettings = {
				ALWAYS_SEARCH_USER_PATHS = NO;
				CLANG_ANALYZER_NONNULL = YES;
				CLANG_ANALYZER_NUMBER_OBJECT_CONVERSION = YES_AGGRESSIVE;
				CLANG_CXX_LANGUAGE_STANDARD = "gnu++14";
				CLANG_CXX_LIBRARY = "libc++";
				CLANG_ENABLE_MODULES = YES;
				CLANG_ENABLE_OBJC_ARC = YES;
				CLANG_ENABLE_OBJC_WEAK = YES;
				CLANG_WARN_BLOCK_CAPTURE_AUTORELEASING = YES;
				CLANG_WARN_BOOL_CONVERSION = YES;
				CLANG_WARN_COMMA = YES;
				CLANG_WARN_CONSTANT_CONVERSION = YES;
				CLANG_WARN_DEPRECATED_OBJC_IMPLEMENTATIONS = YES;
				CLANG_WARN_DIRECT_OBJC_ISA_USAGE = YES_ERROR;
				CLANG_WARN_DOCUMENTATION_COMMENTS = YES;
				CLANG_WARN_EMPTY_BODY = YES;
				CLANG_WARN_ENUM_CONVERSION = YES;
				CLANG_WARN_INFINITE_RECURSION = YES;
				CLANG_WARN_INT_CONVERSION = YES;
				CLANG_WARN_NON_LITERAL_NULL_CONVERSION = YES;
				CLANG_WARN_OBJC_IMPLICIT_RETAIN_SELF = YES;
				CLANG_WARN_OBJC_LITERAL_CONVERSION = YES;
				CLANG_WARN_OBJC_ROOT_CLASS = YES_ERROR;
				CLANG_WARN_RANGE_LOOP_ANALYSIS = YES;
				CLANG_WARN_STRICT_PROTOTYPES = YES;
				CLANG_WARN_SUSPICIOUS_MOVE = YES;
				CLANG_WARN_UNGUARDED_AVAILABILITY = YES_AGGRESSIVE;
				CLANG_WARN_UNREACHABLE_CODE = YES;
				CLANG_WARN__DUPLICATE_METHOD_MATCH = YES;
				COPY_PHASE_STRIP = NO;
				DEBUG_INFORMATION_FORMAT = "dwarf-with-dsym";
				ENABLE_NS_ASSERTIONS = NO;
				ENABLE_STRICT_OBJC_MSGSEND = YES;
				GCC_C_LANGUAGE_STANDARD = gnu11;
				GCC_NO_COMMON_BLOCKS = YES;
				GCC_WARN_64_TO_32_BIT_CONVERSION = YES;
				GCC_WARN_ABOUT_RETURN_TYPE = YES_ERROR;
				GCC_WARN_UNDECLARED_SELECTOR = YES;
				GCC_WARN_UNINITIALIZED_AUTOS = YES_AGGRESSIVE;
				GCC_WARN_UNUSED_FUNCTION = YES;
				GCC_WARN_UNUSED_VARIABLE = YES;
				IPHONEOS_DEPLOYMENT_TARGET = 13.4;
				MTL_ENABLE_DEBUG_INFO = NO;
				MTL_FAST_MATH = YES;
				SDKROOT = iphoneos;
				VALIDATE_PRODUCT = YES;
			};
			name = Release;
		};
		30E9A4F82416236900A8B6CE /* Debug */ = {
			isa = XCBuildConfiguration;
			baseConfigurationReference = 25318AD47FB92C06BA4AEE52 /* Pods-DataRecovery.debug.xcconfig */;
			buildSettings = {
				ASSETCATALOG_COMPILER_APPICON_NAME = AppIcon;
				CODE_SIGN_STYLE = Automatic;
				DEVELOPMENT_TEAM = 2S3Y47SMJZ;
				INFOPLIST_FILE = DataRecovery/Info.plist;
				IPHONEOS_DEPLOYMENT_TARGET = 9.0;
				LD_RUNPATH_SEARCH_PATHS = (
					"$(inherited)",
					"@executable_path/Frameworks",
				);
				PRODUCT_BUNDLE_IDENTIFIER = com.awise.datarecovery;
				PRODUCT_NAME = "$(TARGET_NAME)";
				TARGETED_DEVICE_FAMILY = 1;
			};
			name = Debug;
		};
		30E9A4F92416236900A8B6CE /* Release */ = {
			isa = XCBuildConfiguration;
			baseConfigurationReference = E546C0DD280D159268FB8A3D /* Pods-DataRecovery.release.xcconfig */;
			buildSettings = {
				ASSETCATALOG_COMPILER_APPICON_NAME = AppIcon;
				CODE_SIGN_STYLE = Automatic;
				DEVELOPMENT_TEAM = 2S3Y47SMJZ;
				INFOPLIST_FILE = DataRecovery/Info.plist;
				IPHONEOS_DEPLOYMENT_TARGET = 9.0;
				LD_RUNPATH_SEARCH_PATHS = (
					"$(inherited)",
					"@executable_path/Frameworks",
				);
				PRODUCT_BUNDLE_IDENTIFIER = com.awise.datarecovery;
				PRODUCT_NAME = "$(TARGET_NAME)";
				TARGETED_DEVICE_FAMILY = 1;
			};
			name = Release;
		};
		30E9A4FB2416236900A8B6CE /* Debug */ = {
			isa = XCBuildConfiguration;
			buildSettings = {
				BUNDLE_LOADER = "$(TEST_HOST)";
				CODE_SIGN_STYLE = Automatic;
				DEVELOPMENT_TEAM = 2S3Y47SMJZ;
				INFOPLIST_FILE = DataRecoveryTests/Info.plist;
				IPHONEOS_DEPLOYMENT_TARGET = 13.4;
				LD_RUNPATH_SEARCH_PATHS = (
					"$(inherited)",
					"@executable_path/Frameworks",
					"@loader_path/Frameworks",
				);
				PRODUCT_BUNDLE_IDENTIFIER = com.awise.datarecovery.DataRecoveryTests;
				PRODUCT_NAME = "$(TARGET_NAME)";
				TARGETED_DEVICE_FAMILY = "1,2";
				TEST_HOST = "$(BUILT_PRODUCTS_DIR)/DataRecovery.app/DataRecovery";
			};
			name = Debug;
		};
		30E9A4FC2416236900A8B6CE /* Release */ = {
			isa = XCBuildConfiguration;
			buildSettings = {
				BUNDLE_LOADER = "$(TEST_HOST)";
				CODE_SIGN_STYLE = Automatic;
				DEVELOPMENT_TEAM = 2S3Y47SMJZ;
				INFOPLIST_FILE = DataRecoveryTests/Info.plist;
				IPHONEOS_DEPLOYMENT_TARGET = 13.4;
				LD_RUNPATH_SEARCH_PATHS = (
					"$(inherited)",
					"@executable_path/Frameworks",
					"@loader_path/Frameworks",
				);
				PRODUCT_BUNDLE_IDENTIFIER = com.awise.datarecovery.DataRecoveryTests;
				PRODUCT_NAME = "$(TARGET_NAME)";
				TARGETED_DEVICE_FAMILY = "1,2";
				TEST_HOST = "$(BUILT_PRODUCTS_DIR)/DataRecovery.app/DataRecovery";
			};
			name = Release;
		};
/* End XCBuildConfiguration section */

/* Begin XCConfigurationList section */
		30E9A4CB2416235600A8B6CE /* Build configuration list for PBXProject "DataRecovery" */ = {
			isa = XCConfigurationList;
			buildConfigurations = (
				30E9A4F52416236900A8B6CE /* Debug */,
				30E9A4F62416236900A8B6CE /* Release */,
			);
			defaultConfigurationIsVisible = 0;
			defaultConfigurationName = Release;
		};
		30E9A4F72416236900A8B6CE /* Build configuration list for PBXNativeTarget "DataRecovery" */ = {
			isa = XCConfigurationList;
			buildConfigurations = (
				30E9A4F82416236900A8B6CE /* Debug */,
				30E9A4F92416236900A8B6CE /* Release */,
			);
			defaultConfigurationIsVisible = 0;
			defaultConfigurationName = Release;
		};
		30E9A4FA2416236900A8B6CE /* Build configuration list for PBXNativeTarget "DataRecoveryTests" */ = {
			isa = XCConfigurationList;
			buildConfigurations = (
				30E9A4FB2416236900A8B6CE /* Debug */,
				30E9A4FC2416236900A8B6CE /* Release */,
			);
			defaultConfigurationIsVisible = 0;
			defaultConfigurationName = Release;
		};
/* End XCConfigurationList section */

/* Begin XCVersionGroup section */
		30E9A4DF2416235600A8B6CE /* DataRecovery.xcdatamodeld */ = {
			isa = XCVersionGroup;
			children = (
				30E9A4E02416235600A8B6CE /* DataRecovery.xcdatamodel */,
			);
			currentVersion = 30E9A4E02416235600A8B6CE /* DataRecovery.xcdatamodel */;
			path = DataRecovery.xcdatamodeld;
			sourceTree = "<group>";
			versionGroupType = wrapper.xcdatamodel;
		};
/* End XCVersionGroup section */
	};
	rootObject = 30E9A4C82416235600A8B6CE /* Project object */;
}
